// !$*UTF8*$!
{
	archiveVersion = 1;
	classes = {
	};
	objectVersion = 46;
	objects = {

/* Begin PBXBuildFile section */
		CB110444169A043F00D589CB /* QuartzCore.framework in Frameworks */ = {isa = PBXBuildFile; fileRef = CBF9B79E1694A9D400E1B64E /* QuartzCore.framework */; };
		CB155ACC16ADB5F400808173 /* AbstractCellView.m in Sources */ = {isa = PBXBuildFile; fileRef = CB155ACB16ADB5F400808173 /* AbstractCellView.m */; };
		CB155AD316ADB7B000808173 /* SimpleCellRed.m in Sources */ = {isa = PBXBuildFile; fileRef = CB155AD216ADB7B000808173 /* SimpleCellRed.m */; };
		CB155AD616ADB7BD00808173 /* SimpleCellGreen.m in Sources */ = {isa = PBXBuildFile; fileRef = CB155AD516ADB7BD00808173 /* SimpleCellGreen.m */; };
		CB155AD916ADB7EB00808173 /* SimpleCellBlue.m in Sources */ = {isa = PBXBuildFile; fileRef = CB155AD816ADB7EB00808173 /* SimpleCellBlue.m */; };
		CB155ADC16ADB80100808173 /* SimpleCellOrange.m in Sources */ = {isa = PBXBuildFile; fileRef = CB155ADB16ADB80100808173 /* SimpleCellOrange.m */; };
		CB155AE016ADB8D300808173 /* BonusCellBomp.m in Sources */ = {isa = PBXBuildFile; fileRef = CB155ADF16ADB8D300808173 /* BonusCellBomp.m */; };
		CB155AE316ADB90C00808173 /* BonusCellLaserBeam.m in Sources */ = {isa = PBXBuildFile; fileRef = CB155AE216ADB90C00808173 /* BonusCellLaserBeam.m */; };
		CB27627F169B28EC0060D89B /* CoachMarkController.m in Sources */ = {isa = PBXBuildFile; fileRef = CB27627D169B28EC0060D89B /* CoachMarkController.m */; };
		CB276280169B28EC0060D89B /* CoachMarkController.xib in Resources */ = {isa = PBXBuildFile; fileRef = CB27627E169B28EC0060D89B /* CoachMarkController.xib */; };
		CB276282169B2FBC0060D89B /* touch_up.png in Resources */ = {isa = PBXBuildFile; fileRef = CB276281169B2FBC0060D89B /* touch_up.png */; };
		CB49C112169C89D7007A5986 /* MainViewController.m in Sources */ = {isa = PBXBuildFile; fileRef = CB49C110169C89D7007A5986 /* MainViewController.m */; };
		CB49C113169C89D7007A5986 /* MainViewController.xib in Resources */ = {isa = PBXBuildFile; fileRef = CB49C111169C89D7007A5986 /* MainViewController.xib */; };
		CB548ED616942B2C0088B7FA /* UIKit.framework in Frameworks */ = {isa = PBXBuildFile; fileRef = CB548ED516942B2C0088B7FA /* UIKit.framework */; };
		CB548ED816942B2C0088B7FA /* Foundation.framework in Frameworks */ = {isa = PBXBuildFile; fileRef = CB548ED716942B2C0088B7FA /* Foundation.framework */; };
		CB548EDA16942B2C0088B7FA /* CoreGraphics.framework in Frameworks */ = {isa = PBXBuildFile; fileRef = CB548ED916942B2C0088B7FA /* CoreGraphics.framework */; };
		CB548EE016942B2C0088B7FA /* InfoPlist.strings in Resources */ = {isa = PBXBuildFile; fileRef = CB548EDE16942B2C0088B7FA /* InfoPlist.strings */; };
		CB548EE216942B2C0088B7FA /* main.m in Sources */ = {isa = PBXBuildFile; fileRef = CB548EE116942B2C0088B7FA /* main.m */; };
		CB548EE616942B2C0088B7FA /* DLAppDelegate.m in Sources */ = {isa = PBXBuildFile; fileRef = CB548EE516942B2C0088B7FA /* DLAppDelegate.m */; };
		CB548EE816942B2C0088B7FA /* Default.png in Resources */ = {isa = PBXBuildFile; fileRef = CB548EE716942B2C0088B7FA /* Default.png */; };
		CB548EEA16942B2C0088B7FA /* Default@2x.png in Resources */ = {isa = PBXBuildFile; fileRef = CB548EE916942B2C0088B7FA /* Default@2x.png */; };
		CB548EEC16942B2C0088B7FA /* Default-568h@2x.png in Resources */ = {isa = PBXBuildFile; fileRef = CB548EEB16942B2C0088B7FA /* Default-568h@2x.png */; };
		CB548EEF16942B2C0088B7FA /* DLViewController.m in Sources */ = {isa = PBXBuildFile; fileRef = CB548EEE16942B2C0088B7FA /* DLViewController.m */; };
		CB548EF216942B2C0088B7FA /* DLViewController.xib in Resources */ = {isa = PBXBuildFile; fileRef = CB548EF016942B2C0088B7FA /* DLViewController.xib */; };
		CB548EFF16942BB70088B7FA /* ArchitectsDaughter.ttf in Resources */ = {isa = PBXBuildFile; fileRef = CB548EFE16942BB70088B7FA /* ArchitectsDaughter.ttf */; };
		CB548F0A16942BD30088B7FA /* blue.png in Resources */ = {isa = PBXBuildFile; fileRef = CB548F0216942BD30088B7FA /* blue.png */; };
		CB548F0B16942BD30088B7FA /* green.png in Resources */ = {isa = PBXBuildFile; fileRef = CB548F0316942BD30088B7FA /* green.png */; };
		CB548F0C16942BD30088B7FA /* orange.png in Resources */ = {isa = PBXBuildFile; fileRef = CB548F0416942BD30088B7FA /* orange.png */; };
		CB548F0D16942BD30088B7FA /* purple.png in Resources */ = {isa = PBXBuildFile; fileRef = CB548F0516942BD30088B7FA /* purple.png */; };
		CB548F0E16942BD30088B7FA /* red.png in Resources */ = {isa = PBXBuildFile; fileRef = CB548F0616942BD30088B7FA /* red.png */; };
		CB548F0F16942BD30088B7FA /* start-button.png in Resources */ = {isa = PBXBuildFile; fileRef = CB548F0716942BD30088B7FA /* start-button.png */; };
		CB548F1016942BD30088B7FA /* stop-button.png in Resources */ = {isa = PBXBuildFile; fileRef = CB548F0816942BD30088B7FA /* stop-button.png */; };
		CB548F1116942BD30088B7FA /* yellow.png in Resources */ = {isa = PBXBuildFile; fileRef = CB548F0916942BD30088B7FA /* yellow.png */; };
		CB64F05516A8874D0023AEF5 /* help_screen.png in Resources */ = {isa = PBXBuildFile; fileRef = CB64F05416A8874D0023AEF5 /* help_screen.png */; };
		CB6CC9FB16A302E20059AF6C /* AbstractController.m in Sources */ = {isa = PBXBuildFile; fileRef = CB6CC9FA16A302E20059AF6C /* AbstractController.m */; };
		CB94ED4816A9C05A00CDCFD2 /* code.gif in Resources */ = {isa = PBXBuildFile; fileRef = CB94ED4716A9C05A00CDCFD2 /* code.gif */; };
		CB94ED4C16AB387800CDCFD2 /* BoardBonusView.m in Sources */ = {isa = PBXBuildFile; fileRef = CB94ED4B16AB387800CDCFD2 /* BoardBonusView.m */; };
		CBF9B77B16942F7600E1B64E /* AbstractRectView.m in Sources */ = {isa = PBXBuildFile; fileRef = CBF9B77A16942F7600E1B64E /* AbstractRectView.m */; };
		CBF9B77F1694323100E1B64E /* BoardView.m in Sources */ = {isa = PBXBuildFile; fileRef = CBF9B77E1694323100E1B64E /* BoardView.m */; };
		CBF9B7821694326900E1B64E /* PreviewBoardView.m in Sources */ = {isa = PBXBuildFile; fileRef = CBF9B7811694326900E1B64E /* PreviewBoardView.m */; };
		CBF9B78B1694398C00E1B64E /* DLBrain.m in Sources */ = {isa = PBXBuildFile; fileRef = CBF9B78A1694398C00E1B64E /* DLBrain.m */; };
		CBF9B79516944C7C00E1B64E /* NSMutableArray+MultidimensionalAdditions.m in Sources */ = {isa = PBXBuildFile; fileRef = CBF9B79416944C7C00E1B64E /* NSMutableArray+MultidimensionalAdditions.m */; };
		CBF9B7A11694D0A600E1B64E /* background.png in Resources */ = {isa = PBXBuildFile; fileRef = CBF9B7A01694D0A600E1B64E /* background.png */; };
/* End PBXBuildFile section */

/* Begin PBXFileReference section */
		CB155ACA16ADB5F400808173 /* AbstractCellView.h */ = {isa = PBXFileReference; fileEncoding = 4; lastKnownFileType = sourcecode.c.h; path = AbstractCellView.h; sourceTree = "<group>"; };
		CB155ACB16ADB5F400808173 /* AbstractCellView.m */ = {isa = PBXFileReference; fileEncoding = 4; lastKnownFileType = sourcecode.c.objc; path = AbstractCellView.m; sourceTree = "<group>"; };
		CB155AD116ADB7B000808173 /* SimpleCellRed.h */ = {isa = PBXFileReference; fileEncoding = 4; lastKnownFileType = sourcecode.c.h; path = SimpleCellRed.h; sourceTree = "<group>"; };
		CB155AD216ADB7B000808173 /* SimpleCellRed.m */ = {isa = PBXFileReference; fileEncoding = 4; lastKnownFileType = sourcecode.c.objc; path = SimpleCellRed.m; sourceTree = "<group>"; };
		CB155AD416ADB7BD00808173 /* SimpleCellGreen.h */ = {isa = PBXFileReference; fileEncoding = 4; lastKnownFileType = sourcecode.c.h; path = SimpleCellGreen.h; sourceTree = "<group>"; };
		CB155AD516ADB7BD00808173 /* SimpleCellGreen.m */ = {isa = PBXFileReference; fileEncoding = 4; lastKnownFileType = sourcecode.c.objc; path = SimpleCellGreen.m; sourceTree = "<group>"; };
		CB155AD716ADB7EB00808173 /* SimpleCellBlue.h */ = {isa = PBXFileReference; fileEncoding = 4; lastKnownFileType = sourcecode.c.h; path = SimpleCellBlue.h; sourceTree = "<group>"; };
		CB155AD816ADB7EB00808173 /* SimpleCellBlue.m */ = {isa = PBXFileReference; fileEncoding = 4; lastKnownFileType = sourcecode.c.objc; path = SimpleCellBlue.m; sourceTree = "<group>"; };
		CB155ADA16ADB80100808173 /* SimpleCellOrange.h */ = {isa = PBXFileReference; fileEncoding = 4; lastKnownFileType = sourcecode.c.h; path = SimpleCellOrange.h; sourceTree = "<group>"; };
		CB155ADB16ADB80100808173 /* SimpleCellOrange.m */ = {isa = PBXFileReference; fileEncoding = 4; lastKnownFileType = sourcecode.c.objc; path = SimpleCellOrange.m; sourceTree = "<group>"; };
		CB155ADE16ADB8D300808173 /* BonusCellBomp.h */ = {isa = PBXFileReference; fileEncoding = 4; lastKnownFileType = sourcecode.c.h; path = BonusCellBomp.h; sourceTree = "<group>"; };
		CB155ADF16ADB8D300808173 /* BonusCellBomp.m */ = {isa = PBXFileReference; fileEncoding = 4; lastKnownFileType = sourcecode.c.objc; path = BonusCellBomp.m; sourceTree = "<group>"; };
		CB155AE116ADB90C00808173 /* BonusCellLaserBeam.h */ = {isa = PBXFileReference; fileEncoding = 4; lastKnownFileType = sourcecode.c.h; path = BonusCellLaserBeam.h; sourceTree = "<group>"; };
		CB155AE216ADB90C00808173 /* BonusCellLaserBeam.m */ = {isa = PBXFileReference; fileEncoding = 4; lastKnownFileType = sourcecode.c.objc; path = BonusCellLaserBeam.m; sourceTree = "<group>"; };
		CB27627C169B28EC0060D89B /* CoachMarkController.h */ = {isa = PBXFileReference; fileEncoding = 4; lastKnownFileType = sourcecode.c.h; path = CoachMarkController.h; sourceTree = "<group>"; };
		CB27627D169B28EC0060D89B /* CoachMarkController.m */ = {isa = PBXFileReference; fileEncoding = 4; lastKnownFileType = sourcecode.c.objc; path = CoachMarkController.m; sourceTree = "<group>"; };
		CB27627E169B28EC0060D89B /* CoachMarkController.xib */ = {isa = PBXFileReference; fileEncoding = 4; lastKnownFileType = file.xib; path = CoachMarkController.xib; sourceTree = "<group>"; };
		CB276281169B2FBC0060D89B /* touch_up.png */ = {isa = PBXFileReference; lastKnownFileType = image.png; path = touch_up.png; sourceTree = "<group>"; };
		CB49C10F169C89D7007A5986 /* MainViewController.h */ = {isa = PBXFileReference; fileEncoding = 4; lastKnownFileType = sourcecode.c.h; path = MainViewController.h; sourceTree = "<group>"; };
		CB49C110169C89D7007A5986 /* MainViewController.m */ = {isa = PBXFileReference; fileEncoding = 4; lastKnownFileType = sourcecode.c.objc; path = MainViewController.m; sourceTree = "<group>"; };
		CB49C111169C89D7007A5986 /* MainViewController.xib */ = {isa = PBXFileReference; fileEncoding = 4; lastKnownFileType = file.xib; path = MainViewController.xib; sourceTree = "<group>"; };
		CB548ED116942B2C0088B7FA /* Doodle Lines.app */ = {isa = PBXFileReference; explicitFileType = wrapper.application; includeInIndex = 0; path = "Doodle Lines.app"; sourceTree = BUILT_PRODUCTS_DIR; };
		CB548ED516942B2C0088B7FA /* UIKit.framework */ = {isa = PBXFileReference; lastKnownFileType = wrapper.framework; name = UIKit.framework; path = System/Library/Frameworks/UIKit.framework; sourceTree = SDKROOT; };
		CB548ED716942B2C0088B7FA /* Foundation.framework */ = {isa = PBXFileReference; lastKnownFileType = wrapper.framework; name = Foundation.framework; path = System/Library/Frameworks/Foundation.framework; sourceTree = SDKROOT; };
		CB548ED916942B2C0088B7FA /* CoreGraphics.framework */ = {isa = PBXFileReference; lastKnownFileType = wrapper.framework; name = CoreGraphics.framework; path = System/Library/Frameworks/CoreGraphics.framework; sourceTree = SDKROOT; };
		CB548EDD16942B2C0088B7FA /* Doodle Lines-Info.plist */ = {isa = PBXFileReference; lastKnownFileType = text.plist.xml; path = "Doodle Lines-Info.plist"; sourceTree = "<group>"; };
		CB548EDF16942B2C0088B7FA /* en */ = {isa = PBXFileReference; lastKnownFileType = text.plist.strings; name = en; path = en.lproj/InfoPlist.strings; sourceTree = "<group>"; };
		CB548EE116942B2C0088B7FA /* main.m */ = {isa = PBXFileReference; lastKnownFileType = sourcecode.c.objc; path = main.m; sourceTree = "<group>"; };
		CB548EE316942B2C0088B7FA /* Doodle Lines-Prefix.pch */ = {isa = PBXFileReference; lastKnownFileType = sourcecode.c.h; path = "Doodle Lines-Prefix.pch"; sourceTree = "<group>"; };
		CB548EE416942B2C0088B7FA /* DLAppDelegate.h */ = {isa = PBXFileReference; lastKnownFileType = sourcecode.c.h; path = DLAppDelegate.h; sourceTree = "<group>"; };
		CB548EE516942B2C0088B7FA /* DLAppDelegate.m */ = {isa = PBXFileReference; lastKnownFileType = sourcecode.c.objc; path = DLAppDelegate.m; sourceTree = "<group>"; };
		CB548EE716942B2C0088B7FA /* Default.png */ = {isa = PBXFileReference; lastKnownFileType = image.png; path = Default.png; sourceTree = "<group>"; };
		CB548EE916942B2C0088B7FA /* Default@2x.png */ = {isa = PBXFileReference; lastKnownFileType = image.png; path = "Default@2x.png"; sourceTree = "<group>"; };
		CB548EEB16942B2C0088B7FA /* Default-568h@2x.png */ = {isa = PBXFileReference; lastKnownFileType = image.png; path = "Default-568h@2x.png"; sourceTree = "<group>"; };
		CB548EED16942B2C0088B7FA /* DLViewController.h */ = {isa = PBXFileReference; lastKnownFileType = sourcecode.c.h; path = DLViewController.h; sourceTree = "<group>"; };
		CB548EEE16942B2C0088B7FA /* DLViewController.m */ = {isa = PBXFileReference; lastKnownFileType = sourcecode.c.objc; path = DLViewController.m; sourceTree = "<group>"; };
		CB548EF116942B2C0088B7FA /* en */ = {isa = PBXFileReference; lastKnownFileType = file.xib; name = en; path = en.lproj/DLViewController.xib; sourceTree = "<group>"; };
		CB548EFE16942BB70088B7FA /* ArchitectsDaughter.ttf */ = {isa = PBXFileReference; lastKnownFileType = file; path = ArchitectsDaughter.ttf; sourceTree = "<group>"; };
		CB548F0216942BD30088B7FA /* blue.png */ = {isa = PBXFileReference; lastKnownFileType = image.png; path = blue.png; sourceTree = "<group>"; };
		CB548F0316942BD30088B7FA /* green.png */ = {isa = PBXFileReference; lastKnownFileType = image.png; path = green.png; sourceTree = "<group>"; };
		CB548F0416942BD30088B7FA /* orange.png */ = {isa = PBXFileReference; lastKnownFileType = image.png; path = orange.png; sourceTree = "<group>"; };
		CB548F0516942BD30088B7FA /* purple.png */ = {isa = PBXFileReference; lastKnownFileType = image.png; path = purple.png; sourceTree = "<group>"; };
		CB548F0616942BD30088B7FA /* red.png */ = {isa = PBXFileReference; lastKnownFileType = image.png; path = red.png; sourceTree = "<group>"; };
		CB548F0716942BD30088B7FA /* start-button.png */ = {isa = PBXFileReference; lastKnownFileType = image.png; path = "start-button.png"; sourceTree = "<group>"; };
		CB548F0816942BD30088B7FA /* stop-button.png */ = {isa = PBXFileReference; lastKnownFileType = image.png; path = "stop-button.png"; sourceTree = "<group>"; };
		CB548F0916942BD30088B7FA /* yellow.png */ = {isa = PBXFileReference; lastKnownFileType = image.png; path = yellow.png; sourceTree = "<group>"; };
		CB64F05416A8874D0023AEF5 /* help_screen.png */ = {isa = PBXFileReference; lastKnownFileType = image.png; path = help_screen.png; sourceTree = "<group>"; };
		CB6CC9F916A302E20059AF6C /* AbstractController.h */ = {isa = PBXFileReference; fileEncoding = 4; lastKnownFileType = sourcecode.c.h; path = AbstractController.h; sourceTree = "<group>"; };
		CB6CC9FA16A302E20059AF6C /* AbstractController.m */ = {isa = PBXFileReference; fileEncoding = 4; lastKnownFileType = sourcecode.c.objc; path = AbstractController.m; sourceTree = "<group>"; };
		CB94ED4716A9C05A00CDCFD2 /* code.gif */ = {isa = PBXFileReference; lastKnownFileType = image.gif; path = code.gif; sourceTree = "<group>"; };
		CB94ED4A16AB387700CDCFD2 /* BoardBonusView.h */ = {isa = PBXFileReference; fileEncoding = 4; lastKnownFileType = sourcecode.c.h; path = BoardBonusView.h; sourceTree = "<group>"; };
		CB94ED4B16AB387800CDCFD2 /* BoardBonusView.m */ = {isa = PBXFileReference; fileEncoding = 4; lastKnownFileType = sourcecode.c.objc; path = BoardBonusView.m; sourceTree = "<group>"; };
		CBF9B77916942F7600E1B64E /* AbstractRectView.h */ = {isa = PBXFileReference; fileEncoding = 4; lastKnownFileType = sourcecode.c.h; path = AbstractRectView.h; sourceTree = "<group>"; };
		CBF9B77A16942F7600E1B64E /* AbstractRectView.m */ = {isa = PBXFileReference; fileEncoding = 4; lastKnownFileType = sourcecode.c.objc; path = AbstractRectView.m; sourceTree = "<group>"; };
		CBF9B77D1694323100E1B64E /* BoardView.h */ = {isa = PBXFileReference; fileEncoding = 4; lastKnownFileType = sourcecode.c.h; path = BoardView.h; sourceTree = "<group>"; };
		CBF9B77E1694323100E1B64E /* BoardView.m */ = {isa = PBXFileReference; fileEncoding = 4; lastKnownFileType = sourcecode.c.objc; path = BoardView.m; sourceTree = "<group>"; };
		CBF9B7801694326900E1B64E /* PreviewBoardView.h */ = {isa = PBXFileReference; fileEncoding = 4; lastKnownFileType = sourcecode.c.h; path = PreviewBoardView.h; sourceTree = "<group>"; };
		CBF9B7811694326900E1B64E /* PreviewBoardView.m */ = {isa = PBXFileReference; fileEncoding = 4; lastKnownFileType = sourcecode.c.objc; path = PreviewBoardView.m; sourceTree = "<group>"; };
		CBF9B7891694398C00E1B64E /* DLBrain.h */ = {isa = PBXFileReference; fileEncoding = 4; lastKnownFileType = sourcecode.c.h; path = DLBrain.h; sourceTree = "<group>"; };
		CBF9B78A1694398C00E1B64E /* DLBrain.m */ = {isa = PBXFileReference; fileEncoding = 4; lastKnownFileType = sourcecode.c.objc; path = DLBrain.m; sourceTree = "<group>"; };
		CBF9B79316944C7C00E1B64E /* NSMutableArray+MultidimensionalAdditions.h */ = {isa = PBXFileReference; fileEncoding = 4; lastKnownFileType = sourcecode.c.h; path = "NSMutableArray+MultidimensionalAdditions.h"; sourceTree = "<group>"; };
		CBF9B79416944C7C00E1B64E /* NSMutableArray+MultidimensionalAdditions.m */ = {isa = PBXFileReference; fileEncoding = 4; lastKnownFileType = sourcecode.c.objc; path = "NSMutableArray+MultidimensionalAdditions.m"; sourceTree = "<group>"; };
		CBF9B79E1694A9D400E1B64E /* QuartzCore.framework */ = {isa = PBXFileReference; lastKnownFileType = wrapper.framework; name = QuartzCore.framework; path = System/Library/Frameworks/QuartzCore.framework; sourceTree = SDKROOT; };
		CBF9B7A01694D0A600E1B64E /* background.png */ = {isa = PBXFileReference; lastKnownFileType = image.png; path = background.png; sourceTree = "<group>"; };
/* End PBXFileReference section */

/* Begin PBXFrameworksBuildPhase section */
		CB548ECE16942B2C0088B7FA /* Frameworks */ = {
			isa = PBXFrameworksBuildPhase;
			buildActionMask = 2147483647;
			files = (
				CB110444169A043F00D589CB /* QuartzCore.framework in Frameworks */,
				CB548ED616942B2C0088B7FA /* UIKit.framework in Frameworks */,
				CB548ED816942B2C0088B7FA /* Foundation.framework in Frameworks */,
				CB548EDA16942B2C0088B7FA /* CoreGraphics.framework in Frameworks */,
			);
			runOnlyForDeploymentPostprocessing = 0;
		};
/* End PBXFrameworksBuildPhase section */

/* Begin PBXGroup section */
		CB0926DE1698BFF900898AC6 /* Board */ = {
			isa = PBXGroup;
			children = (
				CBF9B77C169431DD00E1B64E /* Abstract */,
				CBF9B77D1694323100E1B64E /* BoardView.h */,
				CBF9B77E1694323100E1B64E /* BoardView.m */,
				CBF9B7801694326900E1B64E /* PreviewBoardView.h */,
				CBF9B7811694326900E1B64E /* PreviewBoardView.m */,
				CB94ED4A16AB387700CDCFD2 /* BoardBonusView.h */,
				CB94ED4B16AB387800CDCFD2 /* BoardBonusView.m */,
			);
			name = Board;
			sourceTree = "<group>";
		};
		CB155AC716ADB5CA00808173 /* Cell */ = {
			isa = PBXGroup;
			children = (
				CB155AC916ADB5D200808173 /* Abstract */,
				CB155ADD16ADB8AA00808173 /* Bonuses */,
				CB155ACD16ADB73E00808173 /* Simples */,
			);
			name = Cell;
			sourceTree = "<group>";
		};
		CB155AC916ADB5D200808173 /* Abstract */ = {
			isa = PBXGroup;
			children = (
				CB155ACA16ADB5F400808173 /* AbstractCellView.h */,
				CB155ACB16ADB5F400808173 /* AbstractCellView.m */,
			);
			name = Abstract;
			sourceTree = "<group>";
		};
		CB155ACD16ADB73E00808173 /* Simples */ = {
			isa = PBXGroup;
			children = (
				CB155AD116ADB7B000808173 /* SimpleCellRed.h */,
				CB155AD216ADB7B000808173 /* SimpleCellRed.m */,
				CB155AD416ADB7BD00808173 /* SimpleCellGreen.h */,
				CB155AD516ADB7BD00808173 /* SimpleCellGreen.m */,
				CB155AD716ADB7EB00808173 /* SimpleCellBlue.h */,
				CB155AD816ADB7EB00808173 /* SimpleCellBlue.m */,
				CB155ADA16ADB80100808173 /* SimpleCellOrange.h */,
				CB155ADB16ADB80100808173 /* SimpleCellOrange.m */,
			);
			name = Simples;
			sourceTree = "<group>";
		};
		CB155ADD16ADB8AA00808173 /* Bonuses */ = {
			isa = PBXGroup;
			children = (
				CB155ADE16ADB8D300808173 /* BonusCellBomp.h */,
				CB155ADF16ADB8D300808173 /* BonusCellBomp.m */,
				CB155AE116ADB90C00808173 /* BonusCellLaserBeam.h */,
				CB155AE216ADB90C00808173 /* BonusCellLaserBeam.m */,
			);
			name = Bonuses;
			sourceTree = "<group>";
		};
		CB3A54E94081AB516B14645D /* View */ = {
			isa = PBXGroup;
			children = (
			);
			name = View;
			sourceTree = "<group>";
		};
		CB548EC616942B2C0088B7FA = {
			isa = PBXGroup;
			children = (
				CB548EDB16942B2C0088B7FA /* Doodle Lines */,
				CB548ED416942B2C0088B7FA /* Frameworks */,
				CB548ED216942B2C0088B7FA /* Products */,
			);
			sourceTree = "<group>";
		};
		CB548ED216942B2C0088B7FA /* Products */ = {
			isa = PBXGroup;
			children = (
				CB548ED116942B2C0088B7FA /* Doodle Lines.app */,
			);
			name = Products;
			sourceTree = "<group>";
		};
		CB548ED416942B2C0088B7FA /* Frameworks */ = {
			isa = PBXGroup;
			children = (
				CBF9B79E1694A9D400E1B64E /* QuartzCore.framework */,
				CB548ED516942B2C0088B7FA /* UIKit.framework */,
				CB548ED716942B2C0088B7FA /* Foundation.framework */,
				CB548ED916942B2C0088B7FA /* CoreGraphics.framework */,
			);
			name = Frameworks;
			sourceTree = "<group>";
		};
		CB548EDB16942B2C0088B7FA /* Doodle Lines */ = {
			isa = PBXGroup;
			children = (
				CBF9B7871694395300E1B64E /* Classes */,
				CB548EF816942B480088B7FA /* Resources */,
				CB548EE416942B2C0088B7FA /* DLAppDelegate.h */,
				CB548EE516942B2C0088B7FA /* DLAppDelegate.m */,
				CB548EDC16942B2C0088B7FA /* Supporting Files */,
			);
			path = "Doodle Lines";
			sourceTree = "<group>";
		};
		CB548EDC16942B2C0088B7FA /* Supporting Files */ = {
			isa = PBXGroup;
			children = (
				CB548EDD16942B2C0088B7FA /* Doodle Lines-Info.plist */,
				CB548EDE16942B2C0088B7FA /* InfoPlist.strings */,
				CB548EE116942B2C0088B7FA /* main.m */,
				CB548EE316942B2C0088B7FA /* Doodle Lines-Prefix.pch */,
				CB548EE716942B2C0088B7FA /* Default.png */,
				CB548EE916942B2C0088B7FA /* Default@2x.png */,
				CB548EEB16942B2C0088B7FA /* Default-568h@2x.png */,
			);
			name = "Supporting Files";
			sourceTree = "<group>";
		};
		CB548EF816942B480088B7FA /* Resources */ = {
			isa = PBXGroup;
			children = (
				CB548EFD16942B9F0088B7FA /* Fonts */,
				CB548EFC16942B960088B7FA /* Images */,
				CB548EF916942B610088B7FA /* Views */,
			);
			name = Resources;
			sourceTree = "<group>";
		};
		CB548EF916942B610088B7FA /* Views */ = {
			isa = PBXGroup;
			children = (
				CB548EFA16942B670088B7FA /* Controllers */,
				CB3A54E94081AB516B14645D /* View */,
			);
			name = Views;
			sourceTree = "<group>";
		};
		CB548EFA16942B670088B7FA /* Controllers */ = {
			isa = PBXGroup;
			children = (
				CB49C111169C89D7007A5986 /* MainViewController.xib */,
				CB548EF016942B2C0088B7FA /* DLViewController.xib */,
				CB27627E169B28EC0060D89B /* CoachMarkController.xib */,
			);
			name = Controllers;
			sourceTree = "<group>";
		};
		CB548EFB16942B7E0088B7FA /* Controllers */ = {
			isa = PBXGroup;
			children = (
				CB6CC9F716A302C90059AF6C /* Abstract */,
				CB548EED16942B2C0088B7FA /* DLViewController.h */,
				CB548EEE16942B2C0088B7FA /* DLViewController.m */,
				CB27627C169B28EC0060D89B /* CoachMarkController.h */,
				CB27627D169B28EC0060D89B /* CoachMarkController.m */,
				CB49C10F169C89D7007A5986 /* MainViewController.h */,
				CB49C110169C89D7007A5986 /* MainViewController.m */,
			);
			name = Controllers;
			sourceTree = "<group>";
		};
		CB548EFC16942B960088B7FA /* Images */ = {
			isa = PBXGroup;
			children = (
				CB94ED4716A9C05A00CDCFD2 /* code.gif */,
				CB64F05416A8874D0023AEF5 /* help_screen.png */,
				CB276281169B2FBC0060D89B /* touch_up.png */,
				CBF9B7A01694D0A600E1B64E /* background.png */,
				CB548F0216942BD30088B7FA /* blue.png */,
				CB548F0316942BD30088B7FA /* green.png */,
				CB548F0416942BD30088B7FA /* orange.png */,
				CB548F0516942BD30088B7FA /* purple.png */,
				CB548F0616942BD30088B7FA /* red.png */,
				CB548F0716942BD30088B7FA /* start-button.png */,
				CB548F0816942BD30088B7FA /* stop-button.png */,
				CB548F0916942BD30088B7FA /* yellow.png */,
			);
			name = Images;
			sourceTree = "<group>";
		};
		CB548EFD16942B9F0088B7FA /* Fonts */ = {
			isa = PBXGroup;
			children = (
				CB548EFE16942BB70088B7FA /* ArchitectsDaughter.ttf */,
			);
			name = Fonts;
			sourceTree = "<group>";
		};
		CB6CC9F716A302C90059AF6C /* Abstract */ = {
			isa = PBXGroup;
			children = (
				CB6CC9F916A302E20059AF6C /* AbstractController.h */,
				CB6CC9FA16A302E20059AF6C /* AbstractController.m */,
			);
			name = Abstract;
			sourceTree = "<group>";
		};
		CBF9B76C16942E3D00E1B64E /* Models */ = {
			isa = PBXGroup;
			children = (
				CBF9B7891694398C00E1B64E /* DLBrain.h */,
				CBF9B78A1694398C00E1B64E /* DLBrain.m */,
				CBF9B79316944C7C00E1B64E /* NSMutableArray+MultidimensionalAdditions.h */,
				CBF9B79416944C7C00E1B64E /* NSMutableArray+MultidimensionalAdditions.m */,
			);
			name = Models;
			sourceTree = "<group>";
		};
		CBF9B77C169431DD00E1B64E /* Abstract */ = {
			isa = PBXGroup;
			children = (
				CBF9B77916942F7600E1B64E /* AbstractRectView.h */,
				CBF9B77A16942F7600E1B64E /* AbstractRectView.m */,
			);
			name = Abstract;
			sourceTree = "<group>";
		};
		CBF9B7871694395300E1B64E /* Classes */ = {
			isa = PBXGroup;
			children = (
				CBF9B7881694396100E1B64E /* Views */,
				CB548EFB16942B7E0088B7FA /* Controllers */,
				CBF9B76C16942E3D00E1B64E /* Models */,
			);
			name = Classes;
			sourceTree = "<group>";
		};
		CBF9B7881694396100E1B64E /* Views */ = {
			isa = PBXGroup;
			children = (
				CB155AC716ADB5CA00808173 /* Cell */,
				CB0926DE1698BFF900898AC6 /* Board */,
			);
			name = Views;
			sourceTree = "<group>";
		};
/* End PBXGroup section */

/* Begin PBXNativeTarget section */
		CB548ED016942B2C0088B7FA /* Doodle Lines */ = {
			isa = PBXNativeTarget;
			buildConfigurationList = CB548EF516942B2C0088B7FA /* Build configuration list for PBXNativeTarget "Doodle Lines" */;
			buildPhases = (
				CB548ECD16942B2C0088B7FA /* Sources */,
				CB548ECE16942B2C0088B7FA /* Frameworks */,
				CB548ECF16942B2C0088B7FA /* Resources */,
			);
			buildRules = (
			);
			dependencies = (
			);
			name = "Doodle Lines";
			productName = "Doodle Lines";
			productReference = CB548ED116942B2C0088B7FA /* Doodle Lines.app */;
			productType = "com.apple.product-type.application";
		};
/* End PBXNativeTarget section */

/* Begin PBXProject section */
		CB548EC816942B2C0088B7FA /* Project object */ = {
			isa = PBXProject;
			attributes = {
				CLASSPREFIX = DL;
				LastUpgradeCheck = 0450;
				ORGANIZATIONNAME = "Andrey Misura";
			};
			buildConfigurationList = CB548ECB16942B2C0088B7FA /* Build configuration list for PBXProject "Doodle Lines" */;
			compatibilityVersion = "Xcode 3.2";
			developmentRegion = English;
			hasScannedForEncodings = 0;
			knownRegions = (
				en,
			);
			mainGroup = CB548EC616942B2C0088B7FA;
			productRefGroup = CB548ED216942B2C0088B7FA /* Products */;
			projectDirPath = "";
			projectRoot = "";
			targets = (
				CB548ED016942B2C0088B7FA /* Doodle Lines */,
			);
		};
/* End PBXProject section */

/* Begin PBXResourcesBuildPhase section */
		CB548ECF16942B2C0088B7FA /* Resources */ = {
			isa = PBXResourcesBuildPhase;
			buildActionMask = 2147483647;
			files = (
				CB548EE016942B2C0088B7FA /* InfoPlist.strings in Resources */,
				CB548EE816942B2C0088B7FA /* Default.png in Resources */,
				CB548EEA16942B2C0088B7FA /* Default@2x.png in Resources */,
				CB548EEC16942B2C0088B7FA /* Default-568h@2x.png in Resources */,
				CB548EF216942B2C0088B7FA /* DLViewController.xib in Resources */,
				CB548EFF16942BB70088B7FA /* ArchitectsDaughter.ttf in Resources */,
				CB548F0A16942BD30088B7FA /* blue.png in Resources */,
				CB548F0B16942BD30088B7FA /* green.png in Resources */,
				CB548F0C16942BD30088B7FA /* orange.png in Resources */,
				CB548F0D16942BD30088B7FA /* purple.png in Resources */,
				CB548F0E16942BD30088B7FA /* red.png in Resources */,
				CB548F0F16942BD30088B7FA /* start-button.png in Resources */,
				CB548F1016942BD30088B7FA /* stop-button.png in Resources */,
				CB548F1116942BD30088B7FA /* yellow.png in Resources */,
				CBF9B7A11694D0A600E1B64E /* background.png in Resources */,
				CB276280169B28EC0060D89B /* CoachMarkController.xib in Resources */,
				CB276282169B2FBC0060D89B /* touch_up.png in Resources */,
				CB49C113169C89D7007A5986 /* MainViewController.xib in Resources */,
				CB64F05516A8874D0023AEF5 /* help_screen.png in Resources */,
				CB94ED4816A9C05A00CDCFD2 /* code.gif in Resources */,
			);
			runOnlyForDeploymentPostprocessing = 0;
		};
/* End PBXResourcesBuildPhase section */

/* Begin PBXSourcesBuildPhase section */
		CB548ECD16942B2C0088B7FA /* Sources */ = {
			isa = PBXSourcesBuildPhase;
			buildActionMask = 2147483647;
			files = (
				CB548EE216942B2C0088B7FA /* main.m in Sources */,
				CB548EE616942B2C0088B7FA /* DLAppDelegate.m in Sources */,
				CB548EEF16942B2C0088B7FA /* DLViewController.m in Sources */,
				CBF9B77B16942F7600E1B64E /* AbstractRectView.m in Sources */,
				CBF9B77F1694323100E1B64E /* BoardView.m in Sources */,
				CBF9B7821694326900E1B64E /* PreviewBoardView.m in Sources */,
				CBF9B78B1694398C00E1B64E /* DLBrain.m in Sources */,
				CBF9B79516944C7C00E1B64E /* NSMutableArray+MultidimensionalAdditions.m in Sources */,
				CB27627F169B28EC0060D89B /* CoachMarkController.m in Sources */,
				CB49C112169C89D7007A5986 /* MainViewController.m in Sources */,
				CB6CC9FB16A302E20059AF6C /* AbstractController.m in Sources */,
				CB94ED4C16AB387800CDCFD2 /* BoardBonusView.m in Sources */,
				CB155ACC16ADB5F400808173 /* AbstractCellView.m in Sources */,
				CB155AD316ADB7B000808173 /* SimpleCellRed.m in Sources */,
				CB155AD616ADB7BD00808173 /* SimpleCellGreen.m in Sources */,
				CB155AD916ADB7EB00808173 /* SimpleCellBlue.m in Sources */,
				CB155ADC16ADB80100808173 /* SimpleCellOrange.m in Sources */,
				CB155AE016ADB8D300808173 /* BonusCellBomp.m in Sources */,
				CB155AE316ADB90C00808173 /* BonusCellLaserBeam.m in Sources */,
			);
			runOnlyForDeploymentPostprocessing = 0;
		};
/* End PBXSourcesBuildPhase section */

/* Begin PBXVariantGroup section */
		CB548EDE16942B2C0088B7FA /* InfoPlist.strings */ = {
			isa = PBXVariantGroup;
			children = (
				CB548EDF16942B2C0088B7FA /* en */,
			);
			name = InfoPlist.strings;
			sourceTree = "<group>";
		};
		CB548EF016942B2C0088B7FA /* DLViewController.xib */ = {
			isa = PBXVariantGroup;
			children = (
				CB548EF116942B2C0088B7FA /* en */,
			);
			name = DLViewController.xib;
			sourceTree = "<group>";
		};
/* End PBXVariantGroup section */

/* Begin XCBuildConfiguration section */
		CB548EF316942B2C0088B7FA /* Debug */ = {
			isa = XCBuildConfiguration;
			buildSettings = {
				ALWAYS_SEARCH_USER_PATHS = NO;
				CLANG_CXX_LANGUAGE_STANDARD = "gnu++0x";
				CLANG_CXX_LIBRARY = "libc++";
				CLANG_ENABLE_OBJC_ARC = YES;
				CLANG_WARN_EMPTY_BODY = YES;
				CLANG_WARN__DUPLICATE_METHOD_MATCH = YES;
				"CODE_SIGN_IDENTITY[sdk=iphoneos*]" = "iPhone Developer";
				COPY_PHASE_STRIP = NO;
				GCC_C_LANGUAGE_STANDARD = gnu99;
				GCC_DYNAMIC_NO_PIC = NO;
				GCC_OPTIMIZATION_LEVEL = 0;
				GCC_PREPROCESSOR_DEFINITIONS = (
					"DEBUG=1",
					"$(inherited)",
				);
				GCC_SYMBOLS_PRIVATE_EXTERN = NO;
				GCC_WARN_ABOUT_RETURN_TYPE = YES;
				GCC_WARN_UNINITIALIZED_AUTOS = YES;
				GCC_WARN_UNUSED_VARIABLE = YES;
				IPHONEOS_DEPLOYMENT_TARGET = 5.1;
				ONLY_ACTIVE_ARCH = YES;
				SDKROOT = iphoneos;
			};
			name = Debug;
		};
		CB548EF416942B2C0088B7FA /* Release */ = {
			isa = XCBuildConfiguration;
			buildSettings = {
				ALWAYS_SEARCH_USER_PATHS = NO;
				CLANG_CXX_LANGUAGE_STANDARD = "gnu++0x";
				CLANG_CXX_LIBRARY = "libc++";
				CLANG_ENABLE_OBJC_ARC = YES;
				CLANG_WARN_EMPTY_BODY = YES;
				CLANG_WARN__DUPLICATE_METHOD_MATCH = YES;
				"CODE_SIGN_IDENTITY[sdk=iphoneos*]" = "iPhone Developer";
				COPY_PHASE_STRIP = YES;
				GCC_C_LANGUAGE_STANDARD = gnu99;
				GCC_WARN_ABOUT_RETURN_TYPE = YES;
				GCC_WARN_UNINITIALIZED_AUTOS = YES;
				GCC_WARN_UNUSED_VARIABLE = YES;
				IPHONEOS_DEPLOYMENT_TARGET = 5.1;
				OTHER_CFLAGS = "-DNS_BLOCK_ASSERTIONS=1";
				SDKROOT = iphoneos;
				VALIDATE_PRODUCT = YES;
			};
			name = Release;
		};
		CB548EF616942B2C0088B7FA /* Debug */ = {
			isa = XCBuildConfiguration;
			buildSettings = {
				GCC_PRECOMPILE_PREFIX_HEADER = YES;
				GCC_PREFIX_HEADER = "Doodle Lines/Doodle Lines-Prefix.pch";
				INFOPLIST_FILE = "Doodle Lines/Doodle Lines-Info.plist";
				IPHONEOS_DEPLOYMENT_TARGET = 5.1;
				PRODUCT_NAME = "$(TARGET_NAME)";
				TARGETED_DEVICE_FAMILY = 1;
				WRAPPER_EXTENSION = app;
			};
			name = Debug;
		};
		CB548EF716942B2C0088B7FA /* Release */ = {
			isa = XCBuildConfiguration;
			buildSettings = {
				GCC_PRECOMPILE_PREFIX_HEADER = YES;
				GCC_PREFIX_HEADER = "Doodle Lines/Doodle Lines-Prefix.pch";
				INFOPLIST_FILE = "Doodle Lines/Doodle Lines-Info.plist";
				IPHONEOS_DEPLOYMENT_TARGET = 5.1;
				PRODUCT_NAME = "$(TARGET_NAME)";
				TARGETED_DEVICE_FAMILY = 1;
				WRAPPER_EXTENSION = app;
			};
			name = Release;
		};
/* End XCBuildConfiguration section */

/* Begin XCConfigurationList section */
		CB548ECB16942B2C0088B7FA /* Build configuration list for PBXProject "Doodle Lines" */ = {
			isa = XCConfigurationList;
			buildConfigurations = (
				CB548EF316942B2C0088B7FA /* Debug */,
				CB548EF416942B2C0088B7FA /* Release */,
			);
			defaultConfigurationIsVisible = 0;
			defaultConfigurationName = Release;
		};
		CB548EF516942B2C0088B7FA /* Build configuration list for PBXNativeTarget "Doodle Lines" */ = {
			isa = XCConfigurationList;
			buildConfigurations = (
				CB548EF616942B2C0088B7FA /* Debug */,
				CB548EF716942B2C0088B7FA /* Release */,
			);
			defaultConfigurationIsVisible = 0;
			defaultConfigurationName = Release;
		};
/* End XCConfigurationList section */
	};
	rootObject = CB548EC816942B2C0088B7FA /* Project object */;
}
